// !$*UTF8*$!
{
	archiveVersion = 1;
	classes = {
	};
	objectVersion = 46;
	objects = {

/* Begin PBXBuildFile section */
		6FBB8CE11F269D68006838AC /* HelperAppDelegate.m in Sources */ = {isa = PBXBuildFile; fileRef = 6FBB8CE01F269D68006838AC /* HelperAppDelegate.m */; };
		6FBB8CE41F269D68006838AC /* main.m in Sources */ = {isa = PBXBuildFile; fileRef = 6FBB8CE31F269D68006838AC /* main.m */; };
/* End PBXBuildFile section */

/* Begin PBXFileReference section */
		6FBB8CDC1F269D68006838AC /* rvcmachelper.app */ = {isa = PBXFileReference; explicitFileType = wrapper.application; includeInIndex = 0; path = rvcmachelper.app; sourceTree = BUILT_PRODUCTS_DIR; };
		6FBB8CDF1F269D68006838AC /* HelperAppDelegate.h */ = {isa = PBXFileReference; lastKnownFileType = sourcecode.c.h; path = HelperAppDelegate.h; sourceTree = "<group>"; };
		6FBB8CE01F269D68006838AC /* HelperAppDelegate.m */ = {isa = PBXFileReference; lastKnownFileType = sourcecode.c.objc; path = HelperAppDelegate.m; sourceTree = "<group>"; };
		6FBB8CE31F269D68006838AC /* main.m */ = {isa = PBXFileReference; lastKnownFileType = sourcecode.c.objc; path = main.m; sourceTree = "<group>"; };
		6FBB8CED1F269D68006838AC /* Info.plist */ = {isa = PBXFileReference; lastKnownFileType = text.plist.xml; path = Info.plist; sourceTree = "<group>"; };
/* End PBXFileReference section */

/* Begin PBXFrameworksBuildPhase section */
		6FBB8CD91F269D68006838AC /* Frameworks */ = {
			isa = PBXFrameworksBuildPhase;
			buildActionMask = 2147483647;
			files = (
			);
			runOnlyForDeploymentPostprocessing = 0;
		};
/* End PBXFrameworksBuildPhase section */

/* Begin PBXGroup section */
		6FBB8CD31F269D68006838AC = {
			isa = PBXGroup;
			children = (
				6FBB8CDE1F269D68006838AC /* rvcmachelper */,
				6FBB8CDD1F269D68006838AC /* Products */,
			);
			sourceTree = "<group>";
		};
		6FBB8CDD1F269D68006838AC /* Products */ = {
			isa = PBXGroup;
			children = (
				6FBB8CDC1F269D68006838AC /* rvcmachelper.app */,
			);
			name = Products;
			sourceTree = "<group>";
		};
		6FBB8CDE1F269D68006838AC /* rvcmachelper */ = {
			isa = PBXGroup;
			children = (
				6FBB8CDF1F269D68006838AC /* HelperAppDelegate.h */,
				6FBB8CE01F269D68006838AC /* HelperAppDelegate.m */,
				6FBB8CED1F269D68006838AC /* Info.plist */,
				6FBB8CE21F269D68006838AC /* Supporting Files */,
			);
			path = rvcmachelper;
			sourceTree = "<group>";
		};
		6FBB8CE21F269D68006838AC /* Supporting Files */ = {
			isa = PBXGroup;
			children = (
				6FBB8CE31F269D68006838AC /* main.m */,
			);
			name = "Supporting Files";
			sourceTree = "<group>";
		};
/* End PBXGroup section */

/* Begin PBXNativeTarget section */
		6FBB8CDB1F269D68006838AC /* rvcmachelper */ = {
			isa = PBXNativeTarget;
			buildConfigurationList = 6FBB8CF01F269D68006838AC /* Build configuration list for PBXNativeTarget "rvcmachelper" */;
			buildPhases = (
				6FBB8CD81F269D68006838AC /* Sources */,
				6FBB8CD91F269D68006838AC /* Frameworks */,
				6FBB8CDA1F269D68006838AC /* Resources */,
			);
			buildRules = (
			);
			dependencies = (
			);
			name = rvcmachelper;
			productName = rvcmachelper;
			productReference = 6FBB8CDC1F269D68006838AC /* rvcmachelper.app */;
			productType = "com.apple.product-type.application";
		};
/* End PBXNativeTarget section */

/* Begin PBXProject section */
		6FBB8CD41F269D68006838AC /* Project object */ = {
			isa = PBXProject;
			attributes = {
				LastUpgradeCheck = 0830;
				ORGANIZATIONNAME = Ribose;
				TargetAttributes = {
					6FBB8CDB1F269D68006838AC = {
						CreatedOnToolsVersion = 8.3.3;
						ProvisioningStyle = Automatic;
					};
				};
			};
			buildConfigurationList = 6FBB8CD71F269D68006838AC /* Build configuration list for PBXProject "rvcmachelper" */;
			compatibilityVersion = "Xcode 3.2";
			developmentRegion = English;
			hasScannedForEncodings = 0;
			knownRegions = (
				en,
				Base,
			);
			mainGroup = 6FBB8CD31F269D68006838AC;
			productRefGroup = 6FBB8CDD1F269D68006838AC /* Products */;
			projectDirPath = "";
			projectRoot = "";
			targets = (
				6FBB8CDB1F269D68006838AC /* rvcmachelper */,
			);
		};
/* End PBXProject section */

/* Begin PBXResourcesBuildPhase section */
		6FBB8CDA1F269D68006838AC /* Resources */ = {
			isa = PBXResourcesBuildPhase;
			buildActionMask = 2147483647;
			files = (
			);
			runOnlyForDeploymentPostprocessing = 0;
		};
/* End PBXResourcesBuildPhase section */

/* Begin PBXSourcesBuildPhase section */
		6FBB8CD81F269D68006838AC /* Sources */ = {
			isa = PBXSourcesBuildPhase;
			buildActionMask = 2147483647;
			files = (
				6FBB8CE41F269D68006838AC /* main.m in Sources */,
				6FBB8CE11F269D68006838AC /* HelperAppDelegate.m in Sources */,
			);
			runOnlyForDeploymentPostprocessing = 0;
		};
/* End PBXSourcesBuildPhase section */

/* Begin XCBuildConfiguration section */
		6FBB8CEE1F269D68006838AC /* Debug */ = {
			isa = XCBuildConfiguration;
			buildSettings = {
				ALWAYS_SEARCH_USER_PATHS = NO;
				CLANG_ANALYZER_NONNULL = YES;
				CLANG_ANALYZER_NUMBER_OBJECT_CONVERSION = YES_AGGRESSIVE;
				CLANG_CXX_LANGUAGE_STANDARD = "gnu++0x";
				CLANG_CXX_LIBRARY = "libc++";
				CLANG_ENABLE_MODULES = YES;
				CLANG_ENABLE_OBJC_ARC = YES;
				CLANG_WARN_BOOL_CONVERSION = YES;
				CLANG_WARN_CONSTANT_CONVERSION = YES;
				CLANG_WARN_DIRECT_OBJC_ISA_USAGE = YES_ERROR;
				CLANG_WARN_DOCUMENTATION_COMMENTS = YES;
				CLANG_WARN_EMPTY_BODY = YES;
				CLANG_WARN_ENUM_CONVERSION = YES;
				CLANG_WARN_INFINITE_RECURSION = YES;
				CLANG_WARN_INT_CONVERSION = YES;
				CLANG_WARN_OBJC_ROOT_CLASS = YES_ERROR;
				CLANG_WARN_SUSPICIOUS_MOVE = YES;
				CLANG_WARN_UNREACHABLE_CODE = YES;
				CLANG_WARN__DUPLICATE_METHOD_MATCH = YES;
				CODE_SIGN_IDENTITY = "-";
				COPY_PHASE_STRIP = NO;
				DEBUG_INFORMATION_FORMAT = dwarf;
				ENABLE_STRICT_OBJC_MSGSEND = YES;
				ENABLE_TESTABILITY = YES;
				GCC_C_LANGUAGE_STANDARD = gnu99;
				GCC_DYNAMIC_NO_PIC = NO;
				GCC_NO_COMMON_BLOCKS = YES;
				GCC_OPTIMIZATION_LEVEL = 0;
				GCC_PREPROCESSOR_DEFINITIONS = (
					"DEBUG=1",
					"$(inherited)",
				);
				GCC_WARN_64_TO_32_BIT_CONVERSION = YES;
				GCC_WARN_ABOUT_RETURN_TYPE = YES_ERROR;
				GCC_WARN_UNDECLARED_SELECTOR = YES;
				GCC_WARN_UNINITIALIZED_AUTOS = YES_AGGRESSIVE;
				GCC_WARN_UNUSED_FUNCTION = YES;
				GCC_WARN_UNUSED_VARIABLE = YES;
				MACOSX_DEPLOYMENT_TARGET = 10.12;
				MTL_ENABLE_DEBUG_INFO = YES;
				ONLY_ACTIVE_ARCH = YES;
				SDKROOT = macosx;
			};
			name = Debug;
		};
		6FBB8CEF1F269D68006838AC /* Release */ = {
			isa = XCBuildConfiguration;
			buildSettings = {
				ALWAYS_SEARCH_USER_PATHS = NO;
				CLANG_ANALYZER_NONNULL = YES;
				CLANG_ANALYZER_NUMBER_OBJECT_CONVERSION = YES_AGGRESSIVE;
				CLANG_CXX_LANGUAGE_STANDARD = "gnu++0x";
				CLANG_CXX_LIBRARY = "libc++";
				CLANG_ENABLE_MODULES = YES;
				CLANG_ENABLE_OBJC_ARC = YES;
				CLANG_WARN_BOOL_CONVERSION = YES;
				CLANG_WARN_CONSTANT_CONVERSION = YES;
				CLANG_WARN_DIRECT_OBJC_ISA_USAGE = YES_ERROR;
				CLANG_WARN_DOCUMENTATION_COMMENTS = YES;
				CLANG_WARN_EMPTY_BODY = YES;
				CLANG_WARN_ENUM_CONVERSION = YES;
				CLANG_WARN_INFINITE_RECURSION = YES;
				CLANG_WARN_INT_CONVERSION = YES;
				CLANG_WARN_OBJC_ROOT_CLASS = YES_ERROR;
				CLANG_WARN_SUSPICIOUS_MOVE = YES;
				CLANG_WARN_UNREACHABLE_CODE = YES;
				CLANG_WARN__DUPLICATE_METHOD_MATCH = YES;
				CODE_SIGN_IDENTITY = "-";
				COPY_PHASE_STRIP = NO;
				DEBUG_INFORMATION_FORMAT = "dwarf-with-dsym";
				ENABLE_NS_ASSERTIONS = NO;
				ENABLE_STRICT_OBJC_MSGSEND = YES;
				GCC_C_LANGUAGE_STANDARD = gnu99;
				GCC_NO_COMMON_BLOCKS = YES;
				GCC_WARN_64_TO_32_BIT_CONVERSION = YES;
				GCC_WARN_ABOUT_RETURN_TYPE = YES_ERROR;
				GCC_WARN_UNDECLARED_SELECTOR = YES;
				GCC_WARN_UNINITIALIZED_AUTOS = YES_AGGRESSIVE;
				GCC_WARN_UNUSED_FUNCTION = YES;
				GCC_WARN_UNUSED_VARIABLE = YES;
				MACOSX_DEPLOYMENT_TARGET = 10.12;
				MTL_ENABLE_DEBUG_INFO = NO;
				SDKROOT = macosx;
			};
			name = Release;
		};
		6FBB8CF11F269D68006838AC /* Debug */ = {
			isa = XCBuildConfiguration;
			buildSettings = {
				COMBINE_HIDPI_IMAGES = YES;
				INFOPLIST_FILE = rvcmachelper/Info.plist;
				LD_RUNPATH_SEARCH_PATHS = "$(inherited) @executable_path/../Frameworks";
				PRODUCT_BUNDLE_IDENTIFIER = com.ribose.rvcmachelper;
				PRODUCT_NAME = "$(TARGET_NAME)";
			};
			name = Debug;
		};
		6FBB8CF21F269D68006838AC /* Release */ = {
			isa = XCBuildConfiguration;
			buildSettings = {
				COMBINE_HIDPI_IMAGES = YES;
				INFOPLIST_FILE = rvcmachelper/Info.plist;
				LD_RUNPATH_SEARCH_PATHS = "$(inherited) @executable_path/../Frameworks";
				PRODUCT_BUNDLE_IDENTIFIER = com.ribose.rvcmachelper;
				PRODUCT_NAME = "$(TARGET_NAME)";
			};
			name = Release;
		};
/* End XCBuildConfiguration section */

/* Begin XCConfigurationList section */
		6FBB8CD71F269D68006838AC /* Build configuration list for PBXProject "rvcmachelper" */ = {
			isa = XCConfigurationList;
			buildConfigurations = (
				6FBB8CEE1F269D68006838AC /* Debug */,
				6FBB8CEF1F269D68006838AC /* Release */,
			);
			defaultConfigurationIsVisible = 0;
			defaultConfigurationName = Release;
		};
		6FBB8CF01F269D68006838AC /* Build configuration list for PBXNativeTarget "rvcmachelper" */ = {
			isa = XCConfigurationList;
			buildConfigurations = (
				6FBB8CF11F269D68006838AC /* Debug */,
				6FBB8CF21F269D68006838AC /* Release */,
			);
			defaultConfigurationIsVisible = 0;
			defaultConfigurationName = Release;
		};
/* End XCConfigurationList section */
	};
	rootObject = 6FBB8CD41F269D68006838AC /* Project object */;
}
