// !$*UTF8*$!
{
	archiveVersion = 1;
	classes = {
	};
	objectVersion = 46;
	objects = {

/* Begin PBXBuildFile section */
		6F7E44D01F23E4540093F37E /* NSView+BackgroundColor.swift in Sources */ = {isa = PBXBuildFile; fileRef = 6F7E44CF1F23E4540093F37E /* NSView+BackgroundColor.swift */; };
		6F7E44D21F23E66E0093F37E /* NSColor+Ribose.swift in Sources */ = {isa = PBXBuildFile; fileRef = 6F7E44D11F23E66E0093F37E /* NSColor+Ribose.swift */; };
		6F7E44D71F2499290093F37E /* VpnService.swift in Sources */ = {isa = PBXBuildFile; fileRef = 6F7E44D61F2499290093F37E /* VpnService.swift */; };
		6FAFE3261F237B9300F66AD3 /* AppDelegate.swift in Sources */ = {isa = PBXBuildFile; fileRef = 6FAFE3251F237B9300F66AD3 /* AppDelegate.swift */; };
		6FAFE32A1F237B9300F66AD3 /* Assets.xcassets in Resources */ = {isa = PBXBuildFile; fileRef = 6FAFE3291F237B9300F66AD3 /* Assets.xcassets */; };
		6FAFE32D1F237B9300F66AD3 /* Main.storyboard in Resources */ = {isa = PBXBuildFile; fileRef = 6FAFE32B1F237B9300F66AD3 /* Main.storyboard */; };
		6FAFE3381F237B9300F66AD3 /* rvcmacTests.swift in Sources */ = {isa = PBXBuildFile; fileRef = 6FAFE3371F237B9300F66AD3 /* rvcmacTests.swift */; };
		6FAFE3431F237B9300F66AD3 /* rvcmacUITests.swift in Sources */ = {isa = PBXBuildFile; fileRef = 6FAFE3421F237B9300F66AD3 /* rvcmacUITests.swift */; };
		6FAFE35F1F23861400F66AD3 /* Vpn.swift in Sources */ = {isa = PBXBuildFile; fileRef = 6FAFE35E1F23861400F66AD3 /* Vpn.swift */; };
		6FAFE3651F2387C200F66AD3 /* VpnCollectionViewController.swift in Sources */ = {isa = PBXBuildFile; fileRef = 6FAFE3601F2387C200F66AD3 /* VpnCollectionViewController.swift */; };
		6FAFE3661F2387C200F66AD3 /* VpnCollectionViewDataSource.swift in Sources */ = {isa = PBXBuildFile; fileRef = 6FAFE3611F2387C200F66AD3 /* VpnCollectionViewDataSource.swift */; };
		6FAFE3671F2387C200F66AD3 /* VpnCollectionViewDelegate.swift in Sources */ = {isa = PBXBuildFile; fileRef = 6FAFE3621F2387C200F66AD3 /* VpnCollectionViewDelegate.swift */; };
		6FAFE3681F2387C200F66AD3 /* VpnCollectionViewFlowLayout.swift in Sources */ = {isa = PBXBuildFile; fileRef = 6FAFE3631F2387C200F66AD3 /* VpnCollectionViewFlowLayout.swift */; };
		6FAFE3691F2387C200F66AD3 /* VpnContainerViewController.swift in Sources */ = {isa = PBXBuildFile; fileRef = 6FAFE3641F2387C200F66AD3 /* VpnContainerViewController.swift */; };
		6FAFE36E1F2387C800F66AD3 /* VpnCollectionView.swift in Sources */ = {isa = PBXBuildFile; fileRef = 6FAFE36A1F2387C800F66AD3 /* VpnCollectionView.swift */; };
		6FAFE3711F2387C800F66AD3 /* VpnWindow.swift in Sources */ = {isa = PBXBuildFile; fileRef = 6FAFE36D1F2387C800F66AD3 /* VpnWindow.swift */; };
		6FAFE3741F2388D400F66AD3 /* NSViewController+Identifier.swift in Sources */ = {isa = PBXBuildFile; fileRef = 6FAFE3731F2388D400F66AD3 /* NSViewController+Identifier.swift */; };
		6FAFE3761F238AAC00F66AD3 /* VpnCollectionViewItem.swift in Sources */ = {isa = PBXBuildFile; fileRef = 6FAFE3751F238AAC00F66AD3 /* VpnCollectionViewItem.swift */; };
		6FAFE3781F239D0B00F66AD3 /* VpnCollectionViewItem.xib in Resources */ = {isa = PBXBuildFile; fileRef = 6FAFE3771F239D0B00F66AD3 /* VpnCollectionViewItem.xib */; };
		6FAFE37C1F23A75600F66AD3 /* VpnWindowController.swift in Sources */ = {isa = PBXBuildFile; fileRef = 6FAFE37B1F23A75600F66AD3 /* VpnWindowController.swift */; };
		6FAFE3841F23CAC600F66AD3 /* VpnPopover.swift in Sources */ = {isa = PBXBuildFile; fileRef = 6FAFE3831F23CAC600F66AD3 /* VpnPopover.swift */; };
		6FAFE3871F23DD7200F66AD3 /* config.json.example in Resources */ = {isa = PBXBuildFile; fileRef = 6FAFE3861F23DD7200F66AD3 /* config.json.example */; };
		6FBB8C671F268C79006838AC /* Defaults.swift in Sources */ = {isa = PBXBuildFile; fileRef = 6FBB8C661F268C79006838AC /* Defaults.swift */; };
		6FE97E761F274A0000374207 /* LoginItemsController.swift in Sources */ = {isa = PBXBuildFile; fileRef = 6FE97E751F274A0000374207 /* LoginItemsController.swift */; };
		A191834B4F4D59FAF28CECDB /* Pods_rvcmac.framework in Frameworks */ = {isa = PBXBuildFile; fileRef = 58331DAC87E400EC10A06CE3 /* Pods_rvcmac.framework */; };
		AF3E14A3B0E970695DADB52B /* Pods_rvcmacTests.framework in Frameworks */ = {isa = PBXBuildFile; fileRef = 0F5E752F5D554967FF0ED681 /* Pods_rvcmacTests.framework */; };
		F5872F3C85E3E007CD0F25E2 /* Pods_rvcmacUITests.framework in Frameworks */ = {isa = PBXBuildFile; fileRef = BB710A8174E86CC7F8605575 /* Pods_rvcmacUITests.framework */; };
/* End PBXBuildFile section */

/* Begin PBXContainerItemProxy section */
		6FAFE3341F237B9300F66AD3 /* PBXContainerItemProxy */ = {
			isa = PBXContainerItemProxy;
			containerPortal = 6FAFE31A1F237B9300F66AD3 /* Project object */;
			proxyType = 1;
			remoteGlobalIDString = 6FAFE3211F237B9300F66AD3;
			remoteInfo = rvcmac;
		};
		6FAFE33F1F237B9300F66AD3 /* PBXContainerItemProxy */ = {
			isa = PBXContainerItemProxy;
			containerPortal = 6FAFE31A1F237B9300F66AD3 /* Project object */;
			proxyType = 1;
			remoteGlobalIDString = 6FAFE3211F237B9300F66AD3;
			remoteInfo = rvcmac;
		};
		6FBB8CF71F269D69006838AC /* PBXContainerItemProxy */ = {
			isa = PBXContainerItemProxy;
			containerPortal = 6FBB8CF31F269D68006838AC /* rvcmachelper.xcodeproj */;
			proxyType = 2;
			remoteGlobalIDString = 6FBB8CDC1F269D68006838AC;
			remoteInfo = rvcmachelper;
		};
/* End PBXContainerItemProxy section */

/* Begin PBXFileReference section */
		0F5E752F5D554967FF0ED681 /* Pods_rvcmacTests.framework */ = {isa = PBXFileReference; explicitFileType = wrapper.framework; includeInIndex = 0; path = Pods_rvcmacTests.framework; sourceTree = BUILT_PRODUCTS_DIR; };
		1F1BD772BB019AA984952CD1 /* Pods-rvcmacUITests.debug.xcconfig */ = {isa = PBXFileReference; includeInIndex = 1; lastKnownFileType = text.xcconfig; name = "Pods-rvcmacUITests.debug.xcconfig"; path = "Pods/Target Support Files/Pods-rvcmacUITests/Pods-rvcmacUITests.debug.xcconfig"; sourceTree = "<group>"; };
		58331DAC87E400EC10A06CE3 /* Pods_rvcmac.framework */ = {isa = PBXFileReference; explicitFileType = wrapper.framework; includeInIndex = 0; path = Pods_rvcmac.framework; sourceTree = BUILT_PRODUCTS_DIR; };
		6F7E44CF1F23E4540093F37E /* NSView+BackgroundColor.swift */ = {isa = PBXFileReference; fileEncoding = 4; lastKnownFileType = sourcecode.swift; path = "NSView+BackgroundColor.swift"; sourceTree = "<group>"; };
		6F7E44D11F23E66E0093F37E /* NSColor+Ribose.swift */ = {isa = PBXFileReference; fileEncoding = 4; lastKnownFileType = sourcecode.swift; path = "NSColor+Ribose.swift"; sourceTree = "<group>"; };
		6F7E44D61F2499290093F37E /* VpnService.swift */ = {isa = PBXFileReference; fileEncoding = 4; lastKnownFileType = sourcecode.swift; path = VpnService.swift; sourceTree = "<group>"; };
		6FAFE3221F237B9300F66AD3 /* rvcmac.app */ = {isa = PBXFileReference; explicitFileType = wrapper.application; includeInIndex = 0; path = rvcmac.app; sourceTree = BUILT_PRODUCTS_DIR; };
		6FAFE3251F237B9300F66AD3 /* AppDelegate.swift */ = {isa = PBXFileReference; lastKnownFileType = sourcecode.swift; path = AppDelegate.swift; sourceTree = "<group>"; };
		6FAFE3291F237B9300F66AD3 /* Assets.xcassets */ = {isa = PBXFileReference; lastKnownFileType = folder.assetcatalog; path = Assets.xcassets; sourceTree = "<group>"; };
		6FAFE32C1F237B9300F66AD3 /* Base */ = {isa = PBXFileReference; lastKnownFileType = file.storyboard; name = Base; path = Base.lproj/Main.storyboard; sourceTree = "<group>"; };
		6FAFE32E1F237B9300F66AD3 /* Info.plist */ = {isa = PBXFileReference; lastKnownFileType = text.plist.xml; path = Info.plist; sourceTree = "<group>"; };
		6FAFE3331F237B9300F66AD3 /* rvcmacTests.xctest */ = {isa = PBXFileReference; explicitFileType = wrapper.cfbundle; includeInIndex = 0; path = rvcmacTests.xctest; sourceTree = BUILT_PRODUCTS_DIR; };
		6FAFE3371F237B9300F66AD3 /* rvcmacTests.swift */ = {isa = PBXFileReference; lastKnownFileType = sourcecode.swift; path = rvcmacTests.swift; sourceTree = "<group>"; };
		6FAFE3391F237B9300F66AD3 /* Info.plist */ = {isa = PBXFileReference; lastKnownFileType = text.plist.xml; path = Info.plist; sourceTree = "<group>"; };
		6FAFE33E1F237B9300F66AD3 /* rvcmacUITests.xctest */ = {isa = PBXFileReference; explicitFileType = wrapper.cfbundle; includeInIndex = 0; path = rvcmacUITests.xctest; sourceTree = BUILT_PRODUCTS_DIR; };
		6FAFE3421F237B9300F66AD3 /* rvcmacUITests.swift */ = {isa = PBXFileReference; lastKnownFileType = sourcecode.swift; path = rvcmacUITests.swift; sourceTree = "<group>"; };
		6FAFE3441F237B9300F66AD3 /* Info.plist */ = {isa = PBXFileReference; lastKnownFileType = text.plist.xml; path = Info.plist; sourceTree = "<group>"; };
		6FAFE3501F237D7B00F66AD3 /* .swiftlint.yml */ = {isa = PBXFileReference; lastKnownFileType = text; path = .swiftlint.yml; sourceTree = SOURCE_ROOT; };
		6FAFE35E1F23861400F66AD3 /* Vpn.swift */ = {isa = PBXFileReference; fileEncoding = 4; lastKnownFileType = sourcecode.swift; path = Vpn.swift; sourceTree = "<group>"; };
		6FAFE3601F2387C200F66AD3 /* VpnCollectionViewController.swift */ = {isa = PBXFileReference; fileEncoding = 4; lastKnownFileType = sourcecode.swift; path = VpnCollectionViewController.swift; sourceTree = "<group>"; };
		6FAFE3611F2387C200F66AD3 /* VpnCollectionViewDataSource.swift */ = {isa = PBXFileReference; fileEncoding = 4; lastKnownFileType = sourcecode.swift; path = VpnCollectionViewDataSource.swift; sourceTree = "<group>"; };
		6FAFE3621F2387C200F66AD3 /* VpnCollectionViewDelegate.swift */ = {isa = PBXFileReference; fileEncoding = 4; lastKnownFileType = sourcecode.swift; path = VpnCollectionViewDelegate.swift; sourceTree = "<group>"; };
		6FAFE3631F2387C200F66AD3 /* VpnCollectionViewFlowLayout.swift */ = {isa = PBXFileReference; fileEncoding = 4; lastKnownFileType = sourcecode.swift; path = VpnCollectionViewFlowLayout.swift; sourceTree = "<group>"; };
		6FAFE3641F2387C200F66AD3 /* VpnContainerViewController.swift */ = {isa = PBXFileReference; fileEncoding = 4; lastKnownFileType = sourcecode.swift; path = VpnContainerViewController.swift; sourceTree = "<group>"; };
		6FAFE36A1F2387C800F66AD3 /* VpnCollectionView.swift */ = {isa = PBXFileReference; fileEncoding = 4; lastKnownFileType = sourcecode.swift; path = VpnCollectionView.swift; sourceTree = "<group>"; };
		6FAFE36D1F2387C800F66AD3 /* VpnWindow.swift */ = {isa = PBXFileReference; fileEncoding = 4; lastKnownFileType = sourcecode.swift; path = VpnWindow.swift; sourceTree = "<group>"; };
		6FAFE3731F2388D400F66AD3 /* NSViewController+Identifier.swift */ = {isa = PBXFileReference; fileEncoding = 4; lastKnownFileType = sourcecode.swift; path = "NSViewController+Identifier.swift"; sourceTree = "<group>"; };
		6FAFE3751F238AAC00F66AD3 /* VpnCollectionViewItem.swift */ = {isa = PBXFileReference; fileEncoding = 4; lastKnownFileType = sourcecode.swift; path = VpnCollectionViewItem.swift; sourceTree = "<group>"; };
		6FAFE3771F239D0B00F66AD3 /* VpnCollectionViewItem.xib */ = {isa = PBXFileReference; fileEncoding = 4; lastKnownFileType = file.xib; path = VpnCollectionViewItem.xib; sourceTree = "<group>"; };
		6FAFE37B1F23A75600F66AD3 /* VpnWindowController.swift */ = {isa = PBXFileReference; fileEncoding = 4; lastKnownFileType = sourcecode.swift; path = VpnWindowController.swift; sourceTree = "<group>"; };
		6FAFE3831F23CAC600F66AD3 /* VpnPopover.swift */ = {isa = PBXFileReference; fileEncoding = 4; lastKnownFileType = sourcecode.swift; path = VpnPopover.swift; sourceTree = "<group>"; };
		6FAFE3861F23DD7200F66AD3 /* config.json.example */ = {isa = PBXFileReference; fileEncoding = 4; lastKnownFileType = text; path = config.json.example; sourceTree = "<group>"; };
		6FBB8C661F268C79006838AC /* Defaults.swift */ = {isa = PBXFileReference; fileEncoding = 4; lastKnownFileType = sourcecode.swift; path = Defaults.swift; sourceTree = "<group>"; };
		6FBB8CF31F269D68006838AC /* rvcmachelper.xcodeproj */ = {isa = PBXFileReference; lastKnownFileType = "wrapper.pb-project"; name = rvcmachelper.xcodeproj; path = rvcmachelper/rvcmachelper.xcodeproj; sourceTree = "<group>"; };
		6FE97E751F274A0000374207 /* LoginItemsController.swift */ = {isa = PBXFileReference; fileEncoding = 4; lastKnownFileType = sourcecode.swift; path = LoginItemsController.swift; sourceTree = "<group>"; };
		737EC4252273364B1096954E /* Pods-rvcmacTests.debug.xcconfig */ = {isa = PBXFileReference; includeInIndex = 1; lastKnownFileType = text.xcconfig; name = "Pods-rvcmacTests.debug.xcconfig"; path = "Pods/Target Support Files/Pods-rvcmacTests/Pods-rvcmacTests.debug.xcconfig"; sourceTree = "<group>"; };
		ADFEF8EFBFB48716C9DF34EC /* Pods-rvcmacTests.release.xcconfig */ = {isa = PBXFileReference; includeInIndex = 1; lastKnownFileType = text.xcconfig; name = "Pods-rvcmacTests.release.xcconfig"; path = "Pods/Target Support Files/Pods-rvcmacTests/Pods-rvcmacTests.release.xcconfig"; sourceTree = "<group>"; };
		BB710A8174E86CC7F8605575 /* Pods_rvcmacUITests.framework */ = {isa = PBXFileReference; explicitFileType = wrapper.framework; includeInIndex = 0; path = Pods_rvcmacUITests.framework; sourceTree = BUILT_PRODUCTS_DIR; };
		CFD86D411FDF9C0C209C5A6F /* Pods-rvcmacUITests.release.xcconfig */ = {isa = PBXFileReference; includeInIndex = 1; lastKnownFileType = text.xcconfig; name = "Pods-rvcmacUITests.release.xcconfig"; path = "Pods/Target Support Files/Pods-rvcmacUITests/Pods-rvcmacUITests.release.xcconfig"; sourceTree = "<group>"; };
		E68D58D7007443E8919E7B22 /* Pods-rvcmac.debug.xcconfig */ = {isa = PBXFileReference; includeInIndex = 1; lastKnownFileType = text.xcconfig; name = "Pods-rvcmac.debug.xcconfig"; path = "Pods/Target Support Files/Pods-rvcmac/Pods-rvcmac.debug.xcconfig"; sourceTree = "<group>"; };
		F94EBE3C7CC8DAE2037AABEF /* Pods-rvcmac.release.xcconfig */ = {isa = PBXFileReference; includeInIndex = 1; lastKnownFileType = text.xcconfig; name = "Pods-rvcmac.release.xcconfig"; path = "Pods/Target Support Files/Pods-rvcmac/Pods-rvcmac.release.xcconfig"; sourceTree = "<group>"; };
/* End PBXFileReference section */

/* Begin PBXFrameworksBuildPhase section */
		6FAFE31F1F237B9300F66AD3 /* Frameworks */ = {
			isa = PBXFrameworksBuildPhase;
			buildActionMask = 2147483647;
			files = (
				A191834B4F4D59FAF28CECDB /* Pods_rvcmac.framework in Frameworks */,
			);
			runOnlyForDeploymentPostprocessing = 0;
		};
		6FAFE3301F237B9300F66AD3 /* Frameworks */ = {
			isa = PBXFrameworksBuildPhase;
			buildActionMask = 2147483647;
			files = (
				AF3E14A3B0E970695DADB52B /* Pods_rvcmacTests.framework in Frameworks */,
			);
			runOnlyForDeploymentPostprocessing = 0;
		};
		6FAFE33B1F237B9300F66AD3 /* Frameworks */ = {
			isa = PBXFrameworksBuildPhase;
			buildActionMask = 2147483647;
			files = (
				F5872F3C85E3E007CD0F25E2 /* Pods_rvcmacUITests.framework in Frameworks */,
			);
			runOnlyForDeploymentPostprocessing = 0;
		};
/* End PBXFrameworksBuildPhase section */

/* Begin PBXGroup section */
		64A02AB0D1288BFE79569928 /* Pods */ = {
			isa = PBXGroup;
			children = (
				E68D58D7007443E8919E7B22 /* Pods-rvcmac.debug.xcconfig */,
				F94EBE3C7CC8DAE2037AABEF /* Pods-rvcmac.release.xcconfig */,
				737EC4252273364B1096954E /* Pods-rvcmacTests.debug.xcconfig */,
				ADFEF8EFBFB48716C9DF34EC /* Pods-rvcmacTests.release.xcconfig */,
				1F1BD772BB019AA984952CD1 /* Pods-rvcmacUITests.debug.xcconfig */,
				CFD86D411FDF9C0C209C5A6F /* Pods-rvcmacUITests.release.xcconfig */,
			);
			name = Pods;
			sourceTree = "<group>";
		};
		6F7E44D51F2498F60093F37E /* Service */ = {
			isa = PBXGroup;
			children = (
				6F7E44D61F2499290093F37E /* VpnService.swift */,
			);
			path = Service;
			sourceTree = "<group>";
		};
		6FAFE3191F237B9300F66AD3 = {
			isa = PBXGroup;
			children = (
				6FBB8CF31F269D68006838AC /* rvcmachelper.xcodeproj */,
				6FAFE3241F237B9300F66AD3 /* rvcmac */,
				6FAFE3361F237B9300F66AD3 /* rvcmacTests */,
				6FAFE3411F237B9300F66AD3 /* rvcmacUITests */,
				6FAFE3231F237B9300F66AD3 /* Products */,
				64A02AB0D1288BFE79569928 /* Pods */,
				78EC4A8DAF357C15F4D982A5 /* Frameworks */,
			);
			sourceTree = "<group>";
		};
		6FAFE3231F237B9300F66AD3 /* Products */ = {
			isa = PBXGroup;
			children = (
				6FAFE3221F237B9300F66AD3 /* rvcmac.app */,
				6FAFE3331F237B9300F66AD3 /* rvcmacTests.xctest */,
				6FAFE33E1F237B9300F66AD3 /* rvcmacUITests.xctest */,
			);
			name = Products;
			sourceTree = "<group>";
		};
		6FAFE3241F237B9300F66AD3 /* rvcmac */ = {
			isa = PBXGroup;
			children = (
				6FAFE3501F237D7B00F66AD3 /* .swiftlint.yml */,
				6FAFE3251F237B9300F66AD3 /* AppDelegate.swift */,
				6FAFE3291F237B9300F66AD3 /* Assets.xcassets */,
				6F7E44D51F2498F60093F37E /* Service */,
				6FAFE35B1F2384D800F66AD3 /* Model */,
				6FAFE35C1F2384D800F66AD3 /* View */,
				6FAFE35A1F2384D800F66AD3 /* Controller */,
				6FAFE35D1F2384D800F66AD3 /* Viewmodel */,
				6FAFE3721F2388AE00F66AD3 /* Util */,
				6FAFE3851F23DD4300F66AD3 /* Resources */,
				6FAFE32B1F237B9300F66AD3 /* Main.storyboard */,
				6FAFE32E1F237B9300F66AD3 /* Info.plist */,
			);
			path = rvcmac;
			sourceTree = "<group>";
		};
		6FAFE3361F237B9300F66AD3 /* rvcmacTests */ = {
			isa = PBXGroup;
			children = (
				6FAFE3371F237B9300F66AD3 /* rvcmacTests.swift */,
				6FAFE3391F237B9300F66AD3 /* Info.plist */,
			);
			path = rvcmacTests;
			sourceTree = "<group>";
		};
		6FAFE3411F237B9300F66AD3 /* rvcmacUITests */ = {
			isa = PBXGroup;
			children = (
				6FAFE3421F237B9300F66AD3 /* rvcmacUITests.swift */,
				6FAFE3441F237B9300F66AD3 /* Info.plist */,
			);
			path = rvcmacUITests;
			sourceTree = "<group>";
		};
		6FAFE35A1F2384D800F66AD3 /* Controller */ = {
			isa = PBXGroup;
			children = (
				6FAFE37B1F23A75600F66AD3 /* VpnWindowController.swift */,
				6FAFE3641F2387C200F66AD3 /* VpnContainerViewController.swift */,
				6FAFE3601F2387C200F66AD3 /* VpnCollectionViewController.swift */,
				6FAFE3611F2387C200F66AD3 /* VpnCollectionViewDataSource.swift */,
				6FAFE3621F2387C200F66AD3 /* VpnCollectionViewDelegate.swift */,
				6FAFE3631F2387C200F66AD3 /* VpnCollectionViewFlowLayout.swift */,
				6FAFE3751F238AAC00F66AD3 /* VpnCollectionViewItem.swift */,
				6FAFE3771F239D0B00F66AD3 /* VpnCollectionViewItem.xib */,
				6FAFE3831F23CAC600F66AD3 /* VpnPopover.swift */,
			);
			path = Controller;
			sourceTree = "<group>";
		};
		6FAFE35B1F2384D800F66AD3 /* Model */ = {
			isa = PBXGroup;
			children = (
				6FAFE35E1F23861400F66AD3 /* Vpn.swift */,
				6FBB8C661F268C79006838AC /* Defaults.swift */,
			);
			path = Model;
			sourceTree = "<group>";
		};
		6FAFE35C1F2384D800F66AD3 /* View */ = {
			isa = PBXGroup;
			children = (
				6FAFE36A1F2387C800F66AD3 /* VpnCollectionView.swift */,
				6FAFE36D1F2387C800F66AD3 /* VpnWindow.swift */,
			);
			path = View;
			sourceTree = "<group>";
		};
		6FAFE35D1F2384D800F66AD3 /* Viewmodel */ = {
			isa = PBXGroup;
			children = (
			);
			path = Viewmodel;
			sourceTree = "<group>";
		};
		6FAFE3721F2388AE00F66AD3 /* Util */ = {
			isa = PBXGroup;
			children = (
				6FAFE3731F2388D400F66AD3 /* NSViewController+Identifier.swift */,
				6F7E44CF1F23E4540093F37E /* NSView+BackgroundColor.swift */,
				6F7E44D11F23E66E0093F37E /* NSColor+Ribose.swift */,
				6FE97E751F274A0000374207 /* LoginItemsController.swift */,
			);
			path = Util;
			sourceTree = "<group>";
		};
		6FAFE3851F23DD4300F66AD3 /* Resources */ = {
			isa = PBXGroup;
			children = (
				6FAFE3861F23DD7200F66AD3 /* config.json.example */,
			);
			path = Resources;
			sourceTree = "<group>";
		};
		6FBB8CF41F269D68006838AC /* Products */ = {
			isa = PBXGroup;
			children = (
				6FBB8CF81F269D69006838AC /* rvcmachelper.app */,
			);
			name = Products;
			sourceTree = "<group>";
		};
		78EC4A8DAF357C15F4D982A5 /* Frameworks */ = {
			isa = PBXGroup;
			children = (
				58331DAC87E400EC10A06CE3 /* Pods_rvcmac.framework */,
				0F5E752F5D554967FF0ED681 /* Pods_rvcmacTests.framework */,
				BB710A8174E86CC7F8605575 /* Pods_rvcmacUITests.framework */,
			);
			name = Frameworks;
			sourceTree = "<group>";
		};
/* End PBXGroup section */

/* Begin PBXNativeTarget section */
		6FAFE3211F237B9300F66AD3 /* rvcmac */ = {
			isa = PBXNativeTarget;
			buildConfigurationList = 6FAFE3471F237B9300F66AD3 /* Build configuration list for PBXNativeTarget "rvcmac" */;
			buildPhases = (
				DDF45389D8B18B79C564E3DF /* [CP] Check Pods Manifest.lock */,
				6FAFE3511F237E6E00F66AD3 /* Run SwiftLint Script */,
				6FAFE31E1F237B9300F66AD3 /* Sources */,
				6FAFE31F1F237B9300F66AD3 /* Frameworks */,
				6FAFE3201F237B9300F66AD3 /* Resources */,
				975F4A3366B9F8F6C4318AEA /* [CP] Embed Pods Frameworks */,
				5DE3DF0CB630BE996D611BCE /* [CP] Copy Pods Resources */,
			);
			buildRules = (
			);
			dependencies = (
			);
			name = rvcmac;
			productName = rvcmac;
			productReference = 6FAFE3221F237B9300F66AD3 /* rvcmac.app */;
			productType = "com.apple.product-type.application";
		};
		6FAFE3321F237B9300F66AD3 /* rvcmacTests */ = {
			isa = PBXNativeTarget;
			buildConfigurationList = 6FAFE34A1F237B9300F66AD3 /* Build configuration list for PBXNativeTarget "rvcmacTests" */;
			buildPhases = (
				5D3EB7EF0369E2335B68C7E8 /* [CP] Check Pods Manifest.lock */,
				6FAFE32F1F237B9300F66AD3 /* Sources */,
				6FAFE3301F237B9300F66AD3 /* Frameworks */,
				6FAFE3311F237B9300F66AD3 /* Resources */,
				12AE9420A25C56E274C0F109 /* [CP] Embed Pods Frameworks */,
				2D10D447EBA85BE1FEA811D5 /* [CP] Copy Pods Resources */,
			);
			buildRules = (
			);
			dependencies = (
				6FAFE3351F237B9300F66AD3 /* PBXTargetDependency */,
			);
			name = rvcmacTests;
			productName = rvcmacTests;
			productReference = 6FAFE3331F237B9300F66AD3 /* rvcmacTests.xctest */;
			productType = "com.apple.product-type.bundle.unit-test";
		};
		6FAFE33D1F237B9300F66AD3 /* rvcmacUITests */ = {
			isa = PBXNativeTarget;
			buildConfigurationList = 6FAFE34D1F237B9300F66AD3 /* Build configuration list for PBXNativeTarget "rvcmacUITests" */;
			buildPhases = (
				B4C4CA58D9AF5FEDD81F71B1 /* [CP] Check Pods Manifest.lock */,
				6FAFE33A1F237B9300F66AD3 /* Sources */,
				6FAFE33B1F237B9300F66AD3 /* Frameworks */,
				6FAFE33C1F237B9300F66AD3 /* Resources */,
				B61E916B1FCD8361D044D260 /* [CP] Embed Pods Frameworks */,
				44052FA584AA1A4FE030CEF6 /* [CP] Copy Pods Resources */,
			);
			buildRules = (
			);
			dependencies = (
				6FAFE3401F237B9300F66AD3 /* PBXTargetDependency */,
			);
			name = rvcmacUITests;
			productName = rvcmacUITests;
			productReference = 6FAFE33E1F237B9300F66AD3 /* rvcmacUITests.xctest */;
			productType = "com.apple.product-type.bundle.ui-testing";
		};
/* End PBXNativeTarget section */

/* Begin PBXProject section */
		6FAFE31A1F237B9300F66AD3 /* Project object */ = {
			isa = PBXProject;
			attributes = {
				LastSwiftUpdateCheck = 0830;
				LastUpgradeCheck = 0830;
				ORGANIZATIONNAME = Ribose;
				TargetAttributes = {
					6FAFE3211F237B9300F66AD3 = {
						CreatedOnToolsVersion = 8.3.3;
						ProvisioningStyle = Automatic;
					};
					6FAFE3321F237B9300F66AD3 = {
						CreatedOnToolsVersion = 8.3.3;
						ProvisioningStyle = Automatic;
						TestTargetID = 6FAFE3211F237B9300F66AD3;
					};
					6FAFE33D1F237B9300F66AD3 = {
						CreatedOnToolsVersion = 8.3.3;
						ProvisioningStyle = Automatic;
						TestTargetID = 6FAFE3211F237B9300F66AD3;
					};
				};
			};
			buildConfigurationList = 6FAFE31D1F237B9300F66AD3 /* Build configuration list for PBXProject "rvcmac" */;
			compatibilityVersion = "Xcode 3.2";
			developmentRegion = English;
			hasScannedForEncodings = 0;
			knownRegions = (
				en,
				Base,
			);
			mainGroup = 6FAFE3191F237B9300F66AD3;
			productRefGroup = 6FAFE3231F237B9300F66AD3 /* Products */;
			projectDirPath = "";
			projectReferences = (
				{
					ProductGroup = 6FBB8CF41F269D68006838AC /* Products */;
					ProjectRef = 6FBB8CF31F269D68006838AC /* rvcmachelper.xcodeproj */;
				},
			);
			projectRoot = "";
			targets = (
				6FAFE3211F237B9300F66AD3 /* rvcmac */,
				6FAFE3321F237B9300F66AD3 /* rvcmacTests */,
				6FAFE33D1F237B9300F66AD3 /* rvcmacUITests */,
			);
		};
/* End PBXProject section */

/* Begin PBXReferenceProxy section */
		6FBB8CF81F269D69006838AC /* rvcmachelper.app */ = {
			isa = PBXReferenceProxy;
			fileType = wrapper.application;
			path = rvcmachelper.app;
			remoteRef = 6FBB8CF71F269D69006838AC /* PBXContainerItemProxy */;
			sourceTree = BUILT_PRODUCTS_DIR;
		};
/* End PBXReferenceProxy section */

/* Begin PBXResourcesBuildPhase section */
		6FAFE3201F237B9300F66AD3 /* Resources */ = {
			isa = PBXResourcesBuildPhase;
			buildActionMask = 2147483647;
			files = (
				6FAFE3781F239D0B00F66AD3 /* VpnCollectionViewItem.xib in Resources */,
				6FAFE32A1F237B9300F66AD3 /* Assets.xcassets in Resources */,
				6FAFE32D1F237B9300F66AD3 /* Main.storyboard in Resources */,
				6FAFE3871F23DD7200F66AD3 /* config.json.example in Resources */,
			);
			runOnlyForDeploymentPostprocessing = 0;
		};
		6FAFE3311F237B9300F66AD3 /* Resources */ = {
			isa = PBXResourcesBuildPhase;
			buildActionMask = 2147483647;
			files = (
			);
			runOnlyForDeploymentPostprocessing = 0;
		};
		6FAFE33C1F237B9300F66AD3 /* Resources */ = {
			isa = PBXResourcesBuildPhase;
			buildActionMask = 2147483647;
			files = (
			);
			runOnlyForDeploymentPostprocessing = 0;
		};
/* End PBXResourcesBuildPhase section */

/* Begin PBXShellScriptBuildPhase section */
		12AE9420A25C56E274C0F109 /* [CP] Embed Pods Frameworks */ = {
			isa = PBXShellScriptBuildPhase;
			buildActionMask = 2147483647;
			files = (
			);
			inputPaths = (
			);
			name = "[CP] Embed Pods Frameworks";
			outputPaths = (
			);
			runOnlyForDeploymentPostprocessing = 0;
			shellPath = /bin/sh;
			shellScript = "\"${SRCROOT}/Pods/Target Support Files/Pods-rvcmacTests/Pods-rvcmacTests-frameworks.sh\"\n";
			showEnvVarsInLog = 0;
		};
		2D10D447EBA85BE1FEA811D5 /* [CP] Copy Pods Resources */ = {
			isa = PBXShellScriptBuildPhase;
			buildActionMask = 2147483647;
			files = (
			);
			inputPaths = (
			);
			name = "[CP] Copy Pods Resources";
			outputPaths = (
			);
			runOnlyForDeploymentPostprocessing = 0;
			shellPath = /bin/sh;
			shellScript = "\"${SRCROOT}/Pods/Target Support Files/Pods-rvcmacTests/Pods-rvcmacTests-resources.sh\"\n";
			showEnvVarsInLog = 0;
		};
		44052FA584AA1A4FE030CEF6 /* [CP] Copy Pods Resources */ = {
			isa = PBXShellScriptBuildPhase;
			buildActionMask = 2147483647;
			files = (
			);
			inputPaths = (
			);
			name = "[CP] Copy Pods Resources";
			outputPaths = (
			);
			runOnlyForDeploymentPostprocessing = 0;
			shellPath = /bin/sh;
			shellScript = "\"${SRCROOT}/Pods/Target Support Files/Pods-rvcmacUITests/Pods-rvcmacUITests-resources.sh\"\n";
			showEnvVarsInLog = 0;
		};
		5D3EB7EF0369E2335B68C7E8 /* [CP] Check Pods Manifest.lock */ = {
			isa = PBXShellScriptBuildPhase;
			buildActionMask = 2147483647;
			files = (
			);
			inputPaths = (
			);
			name = "[CP] Check Pods Manifest.lock";
			outputPaths = (
			);
			runOnlyForDeploymentPostprocessing = 0;
			shellPath = /bin/sh;
			shellScript = "diff \"${PODS_PODFILE_DIR_PATH}/Podfile.lock\" \"${PODS_ROOT}/Manifest.lock\" > /dev/null\nif [ $? != 0 ] ; then\n    # print error to STDERR\n    echo \"error: The sandbox is not in sync with the Podfile.lock. Run 'pod install' or update your CocoaPods installation.\" >&2\n    exit 1\nfi\n";
			showEnvVarsInLog = 0;
		};
		5DE3DF0CB630BE996D611BCE /* [CP] Copy Pods Resources */ = {
			isa = PBXShellScriptBuildPhase;
			buildActionMask = 2147483647;
			files = (
			);
			inputPaths = (
			);
			name = "[CP] Copy Pods Resources";
			outputPaths = (
			);
			runOnlyForDeploymentPostprocessing = 0;
			shellPath = /bin/sh;
			shellScript = "\"${SRCROOT}/Pods/Target Support Files/Pods-rvcmac/Pods-rvcmac-resources.sh\"\n";
			showEnvVarsInLog = 0;
		};
		6FAFE3511F237E6E00F66AD3 /* Run SwiftLint Script */ = {
			isa = PBXShellScriptBuildPhase;
			buildActionMask = 2147483647;
			files = (
			);
			inputPaths = (
			);
			name = "Run SwiftLint Script";
			outputPaths = (
			);
			runOnlyForDeploymentPostprocessing = 0;
			shellPath = /bin/sh;
			shellScript = "if which swiftlint >/dev/null; then\nswiftlint\nelse\necho \"warning: SwiftLint not installed, download from https://github.com/realm/SwiftLint\"\nfi";
		};
		975F4A3366B9F8F6C4318AEA /* [CP] Embed Pods Frameworks */ = {
			isa = PBXShellScriptBuildPhase;
			buildActionMask = 2147483647;
			files = (
			);
			inputPaths = (
			);
			name = "[CP] Embed Pods Frameworks";
			outputPaths = (
			);
			runOnlyForDeploymentPostprocessing = 0;
			shellPath = /bin/sh;
			shellScript = "\"${SRCROOT}/Pods/Target Support Files/Pods-rvcmac/Pods-rvcmac-frameworks.sh\"\n";
			showEnvVarsInLog = 0;
		};
		B4C4CA58D9AF5FEDD81F71B1 /* [CP] Check Pods Manifest.lock */ = {
			isa = PBXShellScriptBuildPhase;
			buildActionMask = 2147483647;
			files = (
			);
			inputPaths = (
			);
			name = "[CP] Check Pods Manifest.lock";
			outputPaths = (
			);
			runOnlyForDeploymentPostprocessing = 0;
			shellPath = /bin/sh;
			shellScript = "diff \"${PODS_PODFILE_DIR_PATH}/Podfile.lock\" \"${PODS_ROOT}/Manifest.lock\" > /dev/null\nif [ $? != 0 ] ; then\n    # print error to STDERR\n    echo \"error: The sandbox is not in sync with the Podfile.lock. Run 'pod install' or update your CocoaPods installation.\" >&2\n    exit 1\nfi\n";
			showEnvVarsInLog = 0;
		};
		B61E916B1FCD8361D044D260 /* [CP] Embed Pods Frameworks */ = {
			isa = PBXShellScriptBuildPhase;
			buildActionMask = 2147483647;
			files = (
			);
			inputPaths = (
			);
			name = "[CP] Embed Pods Frameworks";
			outputPaths = (
			);
			runOnlyForDeploymentPostprocessing = 0;
			shellPath = /bin/sh;
			shellScript = "\"${SRCROOT}/Pods/Target Support Files/Pods-rvcmacUITests/Pods-rvcmacUITests-frameworks.sh\"\n";
			showEnvVarsInLog = 0;
		};
		DDF45389D8B18B79C564E3DF /* [CP] Check Pods Manifest.lock */ = {
			isa = PBXShellScriptBuildPhase;
			buildActionMask = 2147483647;
			files = (
			);
			inputPaths = (
			);
			name = "[CP] Check Pods Manifest.lock";
			outputPaths = (
			);
			runOnlyForDeploymentPostprocessing = 0;
			shellPath = /bin/sh;
			shellScript = "diff \"${PODS_PODFILE_DIR_PATH}/Podfile.lock\" \"${PODS_ROOT}/Manifest.lock\" > /dev/null\nif [ $? != 0 ] ; then\n    # print error to STDERR\n    echo \"error: The sandbox is not in sync with the Podfile.lock. Run 'pod install' or update your CocoaPods installation.\" >&2\n    exit 1\nfi\n";
			showEnvVarsInLog = 0;
		};
/* End PBXShellScriptBuildPhase section */

/* Begin PBXSourcesBuildPhase section */
		6FAFE31E1F237B9300F66AD3 /* Sources */ = {
			isa = PBXSourcesBuildPhase;
			buildActionMask = 2147483647;
			files = (
				6F7E44D71F2499290093F37E /* VpnService.swift in Sources */,
				6FAFE3261F237B9300F66AD3 /* AppDelegate.swift in Sources */,
				6FAFE3741F2388D400F66AD3 /* NSViewController+Identifier.swift in Sources */,
				6FAFE37C1F23A75600F66AD3 /* VpnWindowController.swift in Sources */,
				6FAFE3691F2387C200F66AD3 /* VpnContainerViewController.swift in Sources */,
				6FE97E761F274A0000374207 /* LoginItemsController.swift in Sources */,
				6FAFE3711F2387C800F66AD3 /* VpnWindow.swift in Sources */,
				6FAFE3761F238AAC00F66AD3 /* VpnCollectionViewItem.swift in Sources */,
				6FAFE35F1F23861400F66AD3 /* Vpn.swift in Sources */,
				6FAFE3671F2387C200F66AD3 /* VpnCollectionViewDelegate.swift in Sources */,
				6F7E44D21F23E66E0093F37E /* NSColor+Ribose.swift in Sources */,
				6FAFE3661F2387C200F66AD3 /* VpnCollectionViewDataSource.swift in Sources */,
				6FBB8C671F268C79006838AC /* Defaults.swift in Sources */,
				6FAFE36E1F2387C800F66AD3 /* VpnCollectionView.swift in Sources */,
				6FAFE3651F2387C200F66AD3 /* VpnCollectionViewController.swift in Sources */,
				6FAFE3681F2387C200F66AD3 /* VpnCollectionViewFlowLayout.swift in Sources */,
				6FAFE3841F23CAC600F66AD3 /* VpnPopover.swift in Sources */,
				6F7E44D01F23E4540093F37E /* NSView+BackgroundColor.swift in Sources */,
			);
			runOnlyForDeploymentPostprocessing = 0;
		};
		6FAFE32F1F237B9300F66AD3 /* Sources */ = {
			isa = PBXSourcesBuildPhase;
			buildActionMask = 2147483647;
			files = (
				6FAFE3381F237B9300F66AD3 /* rvcmacTests.swift in Sources */,
			);
			runOnlyForDeploymentPostprocessing = 0;
		};
		6FAFE33A1F237B9300F66AD3 /* Sources */ = {
			isa = PBXSourcesBuildPhase;
			buildActionMask = 2147483647;
			files = (
				6FAFE3431F237B9300F66AD3 /* rvcmacUITests.swift in Sources */,
			);
			runOnlyForDeploymentPostprocessing = 0;
		};
/* End PBXSourcesBuildPhase section */

/* Begin PBXTargetDependency section */
		6FAFE3351F237B9300F66AD3 /* PBXTargetDependency */ = {
			isa = PBXTargetDependency;
			target = 6FAFE3211F237B9300F66AD3 /* rvcmac */;
			targetProxy = 6FAFE3341F237B9300F66AD3 /* PBXContainerItemProxy */;
		};
		6FAFE3401F237B9300F66AD3 /* PBXTargetDependency */ = {
			isa = PBXTargetDependency;
			target = 6FAFE3211F237B9300F66AD3 /* rvcmac */;
			targetProxy = 6FAFE33F1F237B9300F66AD3 /* PBXContainerItemProxy */;
		};
/* End PBXTargetDependency section */

/* Begin PBXVariantGroup section */
		6FAFE32B1F237B9300F66AD3 /* Main.storyboard */ = {
			isa = PBXVariantGroup;
			children = (
				6FAFE32C1F237B9300F66AD3 /* Base */,
			);
			name = Main.storyboard;
			sourceTree = "<group>";
		};
/* End PBXVariantGroup section */

/* Begin XCBuildConfiguration section */
		6FAFE3451F237B9300F66AD3 /* Debug */ = {
			isa = XCBuildConfiguration;
			buildSettings = {
				ALWAYS_SEARCH_USER_PATHS = NO;
				CLANG_ANALYZER_NONNULL = YES;
				CLANG_ANALYZER_NUMBER_OBJECT_CONVERSION = YES_AGGRESSIVE;
				CLANG_CXX_LANGUAGE_STANDARD = "gnu++0x";
				CLANG_CXX_LIBRARY = "libc++";
				CLANG_ENABLE_MODULES = YES;
				CLANG_ENABLE_OBJC_ARC = YES;
				CLANG_WARN_BOOL_CONVERSION = YES;
				CLANG_WARN_CONSTANT_CONVERSION = YES;
				CLANG_WARN_DIRECT_OBJC_ISA_USAGE = YES_ERROR;
				CLANG_WARN_DOCUMENTATION_COMMENTS = YES;
				CLANG_WARN_EMPTY_BODY = YES;
				CLANG_WARN_ENUM_CONVERSION = YES;
				CLANG_WARN_INFINITE_RECURSION = YES;
				CLANG_WARN_INT_CONVERSION = YES;
				CLANG_WARN_OBJC_ROOT_CLASS = YES_ERROR;
				CLANG_WARN_SUSPICIOUS_MOVE = YES;
				CLANG_WARN_UNREACHABLE_CODE = YES;
				CLANG_WARN__DUPLICATE_METHOD_MATCH = YES;
				CODE_SIGN_IDENTITY = "-";
				COPY_PHASE_STRIP = NO;
				DEBUG_INFORMATION_FORMAT = dwarf;
				ENABLE_STRICT_OBJC_MSGSEND = YES;
				ENABLE_TESTABILITY = YES;
				GCC_C_LANGUAGE_STANDARD = gnu99;
				GCC_DYNAMIC_NO_PIC = NO;
				GCC_NO_COMMON_BLOCKS = YES;
				GCC_OPTIMIZATION_LEVEL = 0;
				GCC_PREPROCESSOR_DEFINITIONS = (
					"DEBUG=1",
					"$(inherited)",
				);
				GCC_WARN_64_TO_32_BIT_CONVERSION = YES;
				GCC_WARN_ABOUT_RETURN_TYPE = YES_ERROR;
				GCC_WARN_UNDECLARED_SELECTOR = YES;
				GCC_WARN_UNINITIALIZED_AUTOS = YES_AGGRESSIVE;
				GCC_WARN_UNUSED_FUNCTION = YES;
				GCC_WARN_UNUSED_VARIABLE = YES;
				MACOSX_DEPLOYMENT_TARGET = 10.12;
				MTL_ENABLE_DEBUG_INFO = YES;
				ONLY_ACTIVE_ARCH = YES;
				SDKROOT = macosx;
				SWIFT_ACTIVE_COMPILATION_CONDITIONS = DEBUG;
				SWIFT_OPTIMIZATION_LEVEL = "-Onone";
			};
			name = Debug;
		};
		6FAFE3461F237B9300F66AD3 /* Release */ = {
			isa = XCBuildConfiguration;
			buildSettings = {
				ALWAYS_SEARCH_USER_PATHS = NO;
				CLANG_ANALYZER_NONNULL = YES;
				CLANG_ANALYZER_NUMBER_OBJECT_CONVERSION = YES_AGGRESSIVE;
				CLANG_CXX_LANGUAGE_STANDARD = "gnu++0x";
				CLANG_CXX_LIBRARY = "libc++";
				CLANG_ENABLE_MODULES = YES;
				CLANG_ENABLE_OBJC_ARC = YES;
				CLANG_WARN_BOOL_CONVERSION = YES;
				CLANG_WARN_CONSTANT_CONVERSION = YES;
				CLANG_WARN_DIRECT_OBJC_ISA_USAGE = YES_ERROR;
				CLANG_WARN_DOCUMENTATION_COMMENTS = YES;
				CLANG_WARN_EMPTY_BODY = YES;
				CLANG_WARN_ENUM_CONVERSION = YES;
				CLANG_WARN_INFINITE_RECURSION = YES;
				CLANG_WARN_INT_CONVERSION = YES;
				CLANG_WARN_OBJC_ROOT_CLASS = YES_ERROR;
				CLANG_WARN_SUSPICIOUS_MOVE = YES;
				CLANG_WARN_UNREACHABLE_CODE = YES;
				CLANG_WARN__DUPLICATE_METHOD_MATCH = YES;
				CODE_SIGN_IDENTITY = "-";
				COPY_PHASE_STRIP = NO;
				DEBUG_INFORMATION_FORMAT = "dwarf-with-dsym";
				ENABLE_NS_ASSERTIONS = NO;
				ENABLE_STRICT_OBJC_MSGSEND = YES;
				GCC_C_LANGUAGE_STANDARD = gnu99;
				GCC_NO_COMMON_BLOCKS = YES;
				GCC_WARN_64_TO_32_BIT_CONVERSION = YES;
				GCC_WARN_ABOUT_RETURN_TYPE = YES_ERROR;
				GCC_WARN_UNDECLARED_SELECTOR = YES;
				GCC_WARN_UNINITIALIZED_AUTOS = YES_AGGRESSIVE;
				GCC_WARN_UNUSED_FUNCTION = YES;
				GCC_WARN_UNUSED_VARIABLE = YES;
				MACOSX_DEPLOYMENT_TARGET = 10.12;
				MTL_ENABLE_DEBUG_INFO = NO;
				SDKROOT = macosx;
				SWIFT_OPTIMIZATION_LEVEL = "-Owholemodule";
			};
			name = Release;
		};
		6FAFE3481F237B9300F66AD3 /* Debug */ = {
			isa = XCBuildConfiguration;
			baseConfigurationReference = E68D58D7007443E8919E7B22 /* Pods-rvcmac.debug.xcconfig */;
			buildSettings = {
				ASSETCATALOG_COMPILER_APPICON_NAME = AppIcon;
				COMBINE_HIDPI_IMAGES = YES;
				INFOPLIST_FILE = rvcmac/Info.plist;
				LD_RUNPATH_SEARCH_PATHS = "$(inherited) @executable_path/../Frameworks";
				PRODUCT_BUNDLE_IDENTIFIER = com.ribose.rvcmac;
				PRODUCT_NAME = "$(TARGET_NAME)";
				SWIFT_VERSION = 3.0;
			};
			name = Debug;
		};
		6FAFE3491F237B9300F66AD3 /* Release */ = {
			isa = XCBuildConfiguration;
			baseConfigurationReference = F94EBE3C7CC8DAE2037AABEF /* Pods-rvcmac.release.xcconfig */;
			buildSettings = {
				ASSETCATALOG_COMPILER_APPICON_NAME = AppIcon;
				COMBINE_HIDPI_IMAGES = YES;
				INFOPLIST_FILE = rvcmac/Info.plist;
				LD_RUNPATH_SEARCH_PATHS = "$(inherited) @executable_path/../Frameworks";
				PRODUCT_BUNDLE_IDENTIFIER = com.ribose.rvcmac;
				PRODUCT_NAME = "$(TARGET_NAME)";
				SWIFT_VERSION = 3.0;
			};
			name = Release;
		};
		6FAFE34B1F237B9300F66AD3 /* Debug */ = {
			isa = XCBuildConfiguration;
			baseConfigurationReference = 737EC4252273364B1096954E /* Pods-rvcmacTests.debug.xcconfig */;
			buildSettings = {
				ALWAYS_EMBED_SWIFT_STANDARD_LIBRARIES = YES;
				BUNDLE_LOADER = "$(TEST_HOST)";
				COMBINE_HIDPI_IMAGES = YES;
				INFOPLIST_FILE = rvcmacTests/Info.plist;
				LD_RUNPATH_SEARCH_PATHS = "$(inherited) @executable_path/../Frameworks @loader_path/../Frameworks";
				PRODUCT_BUNDLE_IDENTIFIER = com.ribose.rvcmacTests;
				PRODUCT_NAME = "$(TARGET_NAME)";
				SWIFT_VERSION = 3.0;
				TEST_HOST = "$(BUILT_PRODUCTS_DIR)/rvcmac.app/Contents/MacOS/rvcmac";
			};
			name = Debug;
		};
		6FAFE34C1F237B9300F66AD3 /* Release */ = {
			isa = XCBuildConfiguration;
			baseConfigurationReference = ADFEF8EFBFB48716C9DF34EC /* Pods-rvcmacTests.release.xcconfig */;
			buildSettings = {
				ALWAYS_EMBED_SWIFT_STANDARD_LIBRARIES = YES;
				BUNDLE_LOADER = "$(TEST_HOST)";
				COMBINE_HIDPI_IMAGES = YES;
				INFOPLIST_FILE = rvcmacTests/Info.plist;
				LD_RUNPATH_SEARCH_PATHS = "$(inherited) @executable_path/../Frameworks @loader_path/../Frameworks";
				PRODUCT_BUNDLE_IDENTIFIER = com.ribose.rvcmacTests;
				PRODUCT_NAME = "$(TARGET_NAME)";
				SWIFT_VERSION = 3.0;
				TEST_HOST = "$(BUILT_PRODUCTS_DIR)/rvcmac.app/Contents/MacOS/rvcmac";
			};
			name = Release;
		};
		6FAFE34E1F237B9300F66AD3 /* Debug */ = {
			isa = XCBuildConfiguration;
			baseConfigurationReference = 1F1BD772BB019AA984952CD1 /* Pods-rvcmacUITests.debug.xcconfig */;
			buildSettings = {
				ALWAYS_EMBED_SWIFT_STANDARD_LIBRARIES = YES;
				COMBINE_HIDPI_IMAGES = YES;
				INFOPLIST_FILE = rvcmacUITests/Info.plist;
				LD_RUNPATH_SEARCH_PATHS = "$(inherited) @executable_path/../Frameworks @loader_path/../Frameworks";
				PRODUCT_BUNDLE_IDENTIFIER = com.ribose.rvcmacUITests;
				PRODUCT_NAME = "$(TARGET_NAME)";
				SWIFT_VERSION = 3.0;
				TEST_TARGET_NAME = rvcmac;
			};
			name = Debug;
		};
		6FAFE34F1F237B9300F66AD3 /* Release */ = {
			isa = XCBuildConfiguration;
			baseConfigurationReference = CFD86D411FDF9C0C209C5A6F /* Pods-rvcmacUITests.release.xcconfig */;
			buildSettings = {
				ALWAYS_EMBED_SWIFT_STANDARD_LIBRARIES = YES;
				COMBINE_HIDPI_IMAGES = YES;
				INFOPLIST_FILE = rvcmacUITests/Info.plist;
				LD_RUNPATH_SEARCH_PATHS = "$(inherited) @executable_path/../Frameworks @loader_path/../Frameworks";
				PRODUCT_BUNDLE_IDENTIFIER = com.ribose.rvcmacUITests;
				PRODUCT_NAME = "$(TARGET_NAME)";
				SWIFT_VERSION = 3.0;
				TEST_TARGET_NAME = rvcmac;
			};
			name = Release;
		};
/* End XCBuildConfiguration section */

/* Begin XCConfigurationList section */
		6FAFE31D1F237B9300F66AD3 /* Build configuration list for PBXProject "rvcmac" */ = {
			isa = XCConfigurationList;
			buildConfigurations = (
				6FAFE3451F237B9300F66AD3 /* Debug */,
				6FAFE3461F237B9300F66AD3 /* Release */,
			);
			defaultConfigurationIsVisible = 0;
			defaultConfigurationName = Release;
		};
		6FAFE3471F237B9300F66AD3 /* Build configuration list for PBXNativeTarget "rvcmac" */ = {
			isa = XCConfigurationList;
			buildConfigurations = (
				6FAFE3481F237B9300F66AD3 /* Debug */,
				6FAFE3491F237B9300F66AD3 /* Release */,
			);
			defaultConfigurationIsVisible = 0;
			defaultConfigurationName = Release;
		};
		6FAFE34A1F237B9300F66AD3 /* Build configuration list for PBXNativeTarget "rvcmacTests" */ = {
			isa = XCConfigurationList;
			buildConfigurations = (
				6FAFE34B1F237B9300F66AD3 /* Debug */,
				6FAFE34C1F237B9300F66AD3 /* Release */,
			);
			defaultConfigurationIsVisible = 0;
			defaultConfigurationName = Release;
		};
		6FAFE34D1F237B9300F66AD3 /* Build configuration list for PBXNativeTarget "rvcmacUITests" */ = {
			isa = XCConfigurationList;
			buildConfigurations = (
				6FAFE34E1F237B9300F66AD3 /* Debug */,
				6FAFE34F1F237B9300F66AD3 /* Release */,
			);
			defaultConfigurationIsVisible = 0;
			defaultConfigurationName = Release;
		};
/* End XCConfigurationList section */
	};
	rootObject = 6FAFE31A1F237B9300F66AD3 /* Project object */;
}
